
Microsoft Visual Studio Solution File, Format Version 12.00
# Visual Studio Version 17
VisualStudioVersion = 17.8.34525.116
MinimumVisualStudioVersion = 10.0.40219.1
Project("{FAE04EC0-301F-11D3-BF4B-00C04F79EFBC}") = "WindowsFormsApp1", "WindowsFormsApp1\WindowsFormsApp1.csproj", "{F5B5A7AC-1154-44AB-B09F-2FC88CBDE975}"
EndProject
Global
	GlobalSection(SolutionConfigurationPlatforms) = preSolution
		Debug|Any CPU = Debug|Any CPU
		Release|Any CPU = Release|Any CPU
	EndGlobalSection
	GlobalSection(ProjectConfigurationPlatforms) = postSolution
		{F5B5A7AC-1154-44AB-B09F-2FC88CBDE975}.Debug|Any CPU.ActiveCfg = Debug|Any CPU
		{F5B5A7AC-1154-44AB-B09F-2FC88CBDE975}.Debug|Any CPU.Build.0 = Debug|Any CPU
		{F5B5A7AC-1154-44AB-B09F-2FC88CBDE975}.Release|Any CPU.ActiveCfg = Release|Any CPU
		{F5B5A7AC-1154-44AB-B09F-2FC88CBDE975}.Release|Any CPU.Build.0 = Release|Any CPU
	EndGlobalSection
	GlobalSection(SolutionProperties) = preSolution
		HideSolutionNode = FALSE
	EndGlobalSection
	GlobalSection(ExtensibilityGlobals) = postSolution
		SolutionGuid = {4E643215-4D74-4D59-8DFC-64EB27A67197}
	EndGlobalSection
EndGlobal
